{
  "version": 4,
  "terraform_version": "0.12.17",
  "serial": 24,
  "lineage": "2b0cf601-03c4-8566-9cd2-2c6f29dd9747",
  "outputs": {
    "instance_name": {
      "value": "ec2-54-93-122-174.eu-central-1.compute.amazonaws.com",
      "type": "string"
    }
  },
  "resources": [
    {
      "module": "module.eks",
      "mode": "data",
      "type": "aws_region",
      "name": "current",
      "provider": "provider.aws",
      "instances": [
        {
          "schema_version": 0,
          "attributes": {
            "current": null,
            "description": "EU (Frankfurt)",
            "endpoint": "ec2.eu-central-1.amazonaws.com",
            "id": "eu-central-1",
            "name": "eu-central-1"
          }
        }
      ]
    },
    {
      "mode": "managed",
      "type": "aws_dynamodb_table",
      "name": "terraform_locks",
      "provider": "provider.aws",
      "instances": [
        {
          "schema_version": 1,
          "attributes": {
            "arn": "arn:aws:dynamodb:eu-central-1:970743847948:table/terraform-locks-for-comrade",
            "attribute": [
              {
                "name": "LockID",
                "type": "S"
              }
            ],
            "billing_mode": "PAY_PER_REQUEST",
            "global_secondary_index": [],
            "hash_key": "LockID",
            "id": "terraform-locks-for-comrade",
            "local_secondary_index": [],
            "name": "terraform-locks-for-comrade",
            "point_in_time_recovery": [
              {
                "enabled": false
              }
            ],
            "range_key": null,
            "read_capacity": 0,
            "server_side_encryption": [],
            "stream_arn": "",
            "stream_enabled": false,
            "stream_label": "",
            "stream_view_type": "",
            "tags": {},
            "timeouts": null,
            "ttl": [
              {
                "attribute_name": "",
                "enabled": false
              }
            ],
            "write_capacity": 0
          },
          "private": "eyJlMmJmYjczMC1lY2FhLTExZTYtOGY4OC0zNDM2M2JjN2M0YzAiOnsiY3JlYXRlIjo2MDAwMDAwMDAwMDAsImRlbGV0ZSI6NjAwMDAwMDAwMDAwLCJ1cGRhdGUiOjM2MDAwMDAwMDAwMDB9LCJzY2hlbWFfdmVyc2lvbiI6IjEifQ=="
        }
      ]
    },
    {
      "module": "module.eks",
      "mode": "managed",
      "type": "aws_eks_cluster",
      "name": "mentoring",
      "provider": "provider.aws",
      "instances": [
        {
          "schema_version": 0,
          "attributes": {
            "arn": "arn:aws:eks:eu-central-1:970743847948:cluster/eks-cluster",
            "certificate_authority": [
              {
                "data": "LS0tLS1CRUdJTiBDRVJUSUZJQ0FURS0tLS0tCk1JSUN5RENDQWJDZ0F3SUJBZ0lCQURBTkJna3Foa2lHOXcwQkFRc0ZBREFWTVJNd0VRWURWUVFERXdwcmRXSmwKY201bGRHVnpNQjRYRFRFNU1USXhNREV5TVRJeE5Wb1hEVEk1TVRJd056RXlNVEl4TlZvd0ZURVRNQkVHQTFVRQpBeE1LYTNWaVpYSnVaWFJsY3pDQ0FTSXdEUVlKS29aSWh2Y05BUUVCQlFBRGdnRVBBRENDQVFvQ2dnRUJBTUk5Cnc2WEVQUnlYbnlWK1dhd1orOWcyM3NvbDRzTmVQVS9uMHNZNlN0TW9DejlmYmxHcWRQeHZ1VENoaVBvL3NmYzcKc0hDb0xDRUVSdmhvUThzV2g2aXNxNDdUTDlna1U3bjlHRDV6K3NpQWhCYlppRjhMd3ZiMTJDajJwK0pBLy9BcApoTGV2cWlPTFNRenpLV0VBWXVnYUllQXhlQXhEa1BwZ0J0RFh6Z3JzSVF6d3J3czZOTVFjNUlnaW9kdURWdmVzCkpIVTV4ejZMVlVmOXlXUWhwcU13cWJIQUpwVWtOQ3FUYU04T1pxb0JNNmVDK2xObXNqRHBYV3lRd1pGeCsrcjYKR2FYWlNjKzlPR0h3QkExVFFXeVk3N3g0Q1d2aFFKQWh1RkJQOUticXc1dXBWT3k4Smt5dmFuRU5zTERRNWhjYgpyb0dSWFZRblFlZ3JUYzFLR2FVQ0F3RUFBYU1qTUNFd0RnWURWUjBQQVFIL0JBUURBZ0trTUE4R0ExVWRFd0VCCi93UUZNQU1CQWY4d0RRWUpLb1pJaHZjTkFRRUxCUUFEZ2dFQkFBM0l3Ly9xZ0JxL2lQdVZSYU9BSUlReFlPMlYKN09oVEhyTlczZU5FMGtPb0d2ZGNNMC90Z2p1a0ZMekNpS1VKYThoWEtXSDFHWUNLTlhFMWhpZ3BIL2JsMW53TwpoeG0vMWhFck8zdUJnU05JMEFOQVpYcEhGdzhIVW5ldU9qMTVLN04zbkhDc0lrZnFma2FvbmliRGRxakdGQk15Ci9GMDlsQ0J2Sll2ZENvZTRkcVNQYmlZek9nTC9sNHhyL1R2Y1A3UzB6L2FkQy90VG9xcnhFNTdPV3FBVXdEZm8KendHazBYaU1EaUxzTzdVU21kK3ZNdlpkU1hTL3g1L05wTHpxSExzQlBBcjg1WjVRdDRYV1pDU0pzbDdQZ3l6ZQpic28ralZlOStmWEdxc1hkbUw5ZHpXNkVKUTArT1UraVJVVUlXRjN0WW81M0pQemNyL0U0QmdtaTN0QT0KLS0tLS1FTkQgQ0VSVElGSUNBVEUtLS0tLQo="
              }
            ],
            "created_at": "2019-12-10 12:04:41 +0000 UTC",
            "enabled_cluster_log_types": [],
            "endpoint": "https://2913F1CB00B53933710505729BC9F804.gr7.eu-central-1.eks.amazonaws.com",
            "id": "eks-cluster",
            "identity": [
              {
                "oidc": [
                  {
                    "issuer": "https://oidc.eks.eu-central-1.amazonaws.com/id/2913F1CB00B53933710505729BC9F804"
                  }
                ]
              }
            ],
            "name": "eks-cluster",
            "platform_version": "eks.5",
            "role_arn": "arn:aws:iam::970743847948:role/terraform-eks-cluster",
            "status": "ACTIVE",
            "tags": {},
            "timeouts": null,
            "version": "1.14",
            "vpc_config": [
              {
                "cluster_security_group_id": "sg-09aac607c3aabad6f",
                "endpoint_private_access": false,
                "endpoint_public_access": true,
                "security_group_ids": [
                  "sg-09f774f69ad8a9437"
                ],
                "subnet_ids": [
                  "subnet-50100c2d",
                  "subnet-5dbc5f11"
                ],
                "vpc_id": "vpc-5922dc33"
              }
            ]
          }
        }
      ]
    },
    {
      "module": "module.eks",
      "mode": "managed",
      "type": "aws_iam_instance_profile",
      "name": "demo-node",
      "provider": "provider.aws",
      "instances": [
        {
          "schema_version": 0,
          "attributes": {
            "arn": "arn:aws:iam::970743847948:instance-profile/worker",
            "create_date": "2019-12-10T08:35:01Z",
            "id": "worker",
            "name": "worker",
            "name_prefix": null,
            "path": "/",
            "role": "terraform-eks-workers",
            "roles": [
              "terraform-eks-workers"
            ],
            "unique_id": "AIPA6EBGXTQGF4PXVYEEP"
          },
          "private": "bnVsbA==",
          "dependencies": [
            "module.eks.aws_iam_role.demo-node"
          ]
        }
      ]
    },
    {
      "module": "module.eks",
      "mode": "managed",
      "type": "aws_iam_role",
      "name": "demo-node",
      "provider": "provider.aws",
      "instances": [
        {
          "schema_version": 0,
          "attributes": {
            "arn": "arn:aws:iam::970743847948:role/terraform-eks-workers",
            "assume_role_policy": "{\"Version\":\"2012-10-17\",\"Statement\":[{\"Effect\":\"Allow\",\"Principal\":{\"Service\":\"eks.amazonaws.com\"},\"Action\":\"sts:AssumeRole\"}]}",
            "create_date": "2019-12-10T10:06:19Z",
            "description": "",
            "force_detach_policies": false,
            "id": "terraform-eks-workers",
            "max_session_duration": 3600,
            "name": "terraform-eks-workers",
            "name_prefix": null,
            "path": "/",
            "permissions_boundary": null,
            "tags": {},
            "unique_id": "AROA6EBGXTQGOZBQQHCBS"
          },
          "private": "bnVsbA=="
        }
      ]
    },
    {
      "module": "module.eks",
      "mode": "managed",
      "type": "aws_iam_role",
      "name": "eks-cluster",
      "provider": "provider.aws",
      "instances": [
        {
          "schema_version": 0,
          "attributes": {
            "arn": "arn:aws:iam::970743847948:role/terraform-eks-cluster",
            "assume_role_policy": "{\"Version\":\"2012-10-17\",\"Statement\":[{\"Effect\":\"Allow\",\"Principal\":{\"Service\":\"eks.amazonaws.com\"},\"Action\":\"sts:AssumeRole\"}]}",
            "create_date": "2019-12-08T18:25:20Z",
            "description": "",
            "force_detach_policies": false,
            "id": "terraform-eks-cluster",
            "max_session_duration": 3600,
            "name": "terraform-eks-cluster",
            "name_prefix": null,
            "path": "/",
            "permissions_boundary": null,
            "tags": {},
            "unique_id": "AROA6EBGXTQGBAQXNM3NU"
          },
          "private": "bnVsbA=="
        }
      ]
    },
    {
      "module": "module.eks",
      "mode": "managed",
      "type": "aws_iam_role_policy_attachment",
      "name": "cluster-AmazonEKSClusterPlicy",
      "provider": "provider.aws",
      "instances": [
        {
          "schema_version": 0,
          "attributes": {
            "id": "terraform-eks-cluster-20191208182722815700000001",
            "policy_arn": "arn:aws:iam::aws:policy/AmazonEKSClusterPolicy",
            "role": "terraform-eks-cluster"
          },
          "private": "bnVsbA==",
          "dependencies": [
            "module.eks.aws_iam_role.eks-cluster"
          ]
        }
      ]
    },
    {
      "module": "module.eks",
      "mode": "managed",
      "type": "aws_iam_role_policy_attachment",
      "name": "cluster-AmazonEKSServicePolicy",
      "provider": "provider.aws",
      "instances": [
        {
          "schema_version": 0,
          "attributes": {
            "id": "terraform-eks-cluster-20191208182722819700000002",
            "policy_arn": "arn:aws:iam::aws:policy/AmazonEKSServicePolicy",
            "role": "terraform-eks-cluster"
          },
          "private": "bnVsbA==",
          "dependencies": [
            "module.eks.aws_iam_role.eks-cluster"
          ]
        }
      ]
    },
    {
      "module": "module.eks",
      "mode": "managed",
      "type": "aws_iam_role_policy_attachment",
      "name": "demo-node-AmazonEKSClusterPolicy",
      "provider": "provider.aws",
      "instances": [
        {
          "schema_version": 0,
          "attributes": {
            "id": "terraform-eks-workers-20191210100621354400000002",
            "policy_arn": "arn:aws:iam::aws:policy/AmazonEKSClusterPolicy",
            "role": "terraform-eks-workers"
          },
          "private": "bnVsbA==",
          "dependencies": [
            "module.eks.aws_iam_role.demo-node"
          ]
        }
      ]
    },
    {
      "module": "module.eks",
      "mode": "managed",
      "type": "aws_iam_role_policy_attachment",
      "name": "demo-node-AmazonEKSServicePolicy",
      "provider": "provider.aws",
      "instances": [
        {
          "schema_version": 0,
          "attributes": {
            "id": "terraform-eks-workers-20191210100621351400000001",
            "policy_arn": "arn:aws:iam::aws:policy/AmazonEKSServicePolicy",
            "role": "terraform-eks-workers"
          },
          "private": "bnVsbA==",
          "dependencies": [
            "module.eks.aws_iam_role.demo-node"
          ]
        }
      ]
    },
    {
      "module": "module.ec2_proxy",
      "mode": "managed",
      "type": "aws_instance",
      "name": "master",
      "provider": "provider.aws",
      "instances": [
        {
          "schema_version": 1,
          "attributes": {
            "ami": "ami-040a1551f9c9d11ad",
            "arn": "arn:aws:ec2:eu-central-1:970743847948:instance/i-0a7b21c7ed62b9091",
            "associate_public_ip_address": true,
            "availability_zone": "eu-central-1b",
            "cpu_core_count": 1,
            "cpu_threads_per_core": 1,
            "credit_specification": [
              {
                "cpu_credits": "standard"
              }
            ],
            "disable_api_termination": false,
            "ebs_block_device": [],
            "ebs_optimized": false,
            "ephemeral_block_device": [],
            "get_password_data": false,
            "host_id": null,
            "iam_instance_profile": "",
            "id": "i-0a7b21c7ed62b9091",
            "instance_initiated_shutdown_behavior": null,
            "instance_state": "running",
            "instance_type": "t2.micro",
            "ipv6_address_count": 0,
            "ipv6_addresses": [],
            "key_name": "controller-key",
            "monitoring": false,
            "network_interface": [],
            "network_interface_id": null,
            "password_data": "",
            "placement_group": "",
            "primary_network_interface_id": "eni-0fd670ae040101357",
            "private_dns": "ip-172-31-35-113.eu-central-1.compute.internal",
            "private_ip": "172.31.35.113",
            "public_dns": "ec2-54-93-122-174.eu-central-1.compute.amazonaws.com",
            "public_ip": "54.93.122.174",
            "root_block_device": [
              {
                "delete_on_termination": true,
                "encrypted": false,
                "iops": 100,
                "kms_key_id": "",
                "volume_id": "vol-00bb5e4c46b112695",
                "volume_size": 15,
                "volume_type": "gp2"
              }
            ],
            "security_groups": [
              "proxy-sg"
            ],
            "source_dest_check": true,
            "subnet_id": "subnet-50100c2d",
            "tags": {
              "state": "test"
            },
            "tenancy": "default",
            "timeouts": {
              "create": "2m",
              "delete": "2m",
              "update": null
            },
            "user_data": null,
            "user_data_base64": null,
            "volume_tags": {
              "type": "default"
            },
            "vpc_security_group_ids": [
              "sg-0ab1de1a8cbb7ce7b"
            ]
          },
          "private": "eyJlMmJmYjczMC1lY2FhLTExZTYtOGY4OC0zNDM2M2JjN2M0YzAiOnsiY3JlYXRlIjoxMjAwMDAwMDAwMDAsImRlbGV0ZSI6MTIwMDAwMDAwMDAwLCJ1cGRhdGUiOjYwMDAwMDAwMDAwMH0sInNjaGVtYV92ZXJzaW9uIjoiMSJ9",
          "dependencies": [
            "module.ec2_proxy.aws_security_group.sg_for_my_ec2"
          ]
        }
      ]
    },
    {
      "module": "module.ec2_proxy",
      "mode": "managed",
      "type": "aws_key_pair",
      "name": "controller",
      "provider": "provider.aws",
      "instances": [
        {
          "schema_version": 1,
          "attributes": {
            "fingerprint": "58:2d:61:bd:ac:2d:56:95:43:14:e2:d5:52:3c:70:7a",
            "id": "controller-key",
            "key_name": "controller-key",
            "key_name_prefix": null,
            "public_key": "ssh-rsa AAAAB3NzaC1yc2EAAAADAQABAAABAQC78vRhh1cW14xmaN6rqnkc9VEqMif5gO2wfvmz8srU94VcfnolOhSX/OGBASyOYni1yzik854XAbI8Svhyk4PNaxEKX8ICBDpAjQ1v05rHoHA8I32ahAY2cPVp4nZLmNGy6uO6ek0JDEyqOZVrSZa5wdZs34r9Qu/D5QoFa9utuqqeuM1J7l31WNWchBhxZGm/xG03TN2xcyVF9fU7BdMvqj/LyE7lwDKHZ1ll+yHyqLbY8Uhns4F04n2Iyjpzp2/fAM2FB/G4ypY+qT8Ozuu8G2fH3lwpU2yDCrc4WcVSNI/2ynpfYiAAKs6/+5AiAJLtK2E2YBcxwJU8YXOXw36V"
          },
          "private": "eyJzY2hlbWFfdmVyc2lvbiI6IjEifQ=="
        }
      ]
    },
    {
      "mode": "managed",
      "type": "aws_s3_bucket",
      "name": "terraform_state",
      "provider": "provider.aws",
      "instances": [
        {
          "schema_version": 0,
          "attributes": {
            "acceleration_status": "",
            "acl": "private",
            "arn": "arn:aws:s3:::terraform-state-for-comrade",
            "bucket": "terraform-state-for-comrade",
            "bucket_domain_name": "terraform-state-for-comrade.s3.amazonaws.com",
            "bucket_prefix": null,
            "bucket_regional_domain_name": "terraform-state-for-comrade.s3.eu-central-1.amazonaws.com",
            "cors_rule": [],
            "force_destroy": false,
            "hosted_zone_id": "Z21DNDUVLTQW6Q",
            "id": "terraform-state-for-comrade",
            "lifecycle_rule": [],
            "logging": [],
            "object_lock_configuration": [],
            "policy": null,
            "region": "eu-central-1",
            "replication_configuration": [],
            "request_payer": "BucketOwner",
            "server_side_encryption_configuration": [
              {
                "rule": [
                  {
                    "apply_server_side_encryption_by_default": [
                      {
                        "kms_master_key_id": "",
                        "sse_algorithm": "AES256"
                      }
                    ]
                  }
                ]
              }
            ],
            "tags": {},
            "versioning": [
              {
                "enabled": true,
                "mfa_delete": false
              }
            ],
            "website": [],
            "website_domain": null,
            "website_endpoint": null
          }
        }
      ]
    },
    {
      "module": "module.eks",
      "mode": "managed",
      "type": "aws_security_group",
      "name": "eks-cluster",
      "provider": "provider.aws",
      "instances": [
        {
          "schema_version": 1,
          "attributes": {
            "arn": "arn:aws:ec2:eu-central-1:970743847948:security-group/sg-09f774f69ad8a9437",
            "description": "Cluster communication with worker nodes",
            "egress": [
              {
                "cidr_blocks": [
                  "0.0.0.0/0"
                ],
                "description": "",
                "from_port": 0,
                "ipv6_cidr_blocks": [],
                "prefix_list_ids": [],
                "protocol": "-1",
                "security_groups": [],
                "self": false,
                "to_port": 0
              }
            ],
            "id": "sg-09f774f69ad8a9437",
            "ingress": [
              {
                "cidr_blocks": [
                  "109.252.110.0/24"
                ],
                "description": "Allow my workstation to communicate with the cluster API Server",
                "from_port": 443,
                "ipv6_cidr_blocks": [],
                "prefix_list_ids": [],
                "protocol": "tcp",
                "security_groups": [],
                "self": false,
                "to_port": 443
              },
              {
                "cidr_blocks": [],
                "description": "Allow pods to communicate with the cluster API Server",
                "from_port": 443,
                "ipv6_cidr_blocks": [],
                "prefix_list_ids": [],
                "protocol": "tcp",
                "security_groups": [
                  "sg-0a8f42e6fb4cdb9e8"
                ],
                "self": false,
                "to_port": 443
              }
            ],
            "name": "terraform-eks-cluster",
            "name_prefix": null,
            "owner_id": "970743847948",
            "revoke_rules_on_delete": false,
            "tags": {
              "Name": "terrafrom"
            },
            "timeouts": null,
            "vpc_id": "vpc-5922dc33"
          },
          "private": "eyJlMmJmYjczMC1lY2FhLTExZTYtOGY4OC0zNDM2M2JjN2M0YzAiOnsiY3JlYXRlIjo2MDAwMDAwMDAwMDAsImRlbGV0ZSI6NjAwMDAwMDAwMDAwfSwic2NoZW1hX3ZlcnNpb24iOiIxIn0="
        }
      ]
    },
    {
      "module": "module.ec2_proxy",
      "mode": "managed",
      "type": "aws_security_group",
      "name": "sg_for_my_ec2",
      "provider": "provider.aws",
      "instances": [
        {
          "schema_version": 1,
          "attributes": {
            "arn": "arn:aws:ec2:eu-central-1:970743847948:security-group/sg-0ab1de1a8cbb7ce7b",
            "description": "SG for my proxy ec2",
            "egress": [
              {
                "cidr_blocks": [
                  "0.0.0.0/0"
                ],
                "description": "",
                "from_port": 0,
                "ipv6_cidr_blocks": [],
                "prefix_list_ids": [],
                "protocol": "-1",
                "security_groups": [],
                "self": false,
                "to_port": 0
              }
            ],
            "id": "sg-0ab1de1a8cbb7ce7b",
            "ingress": [
              {
                "cidr_blocks": [
                  "0.0.0.0/0"
                ],
                "description": "",
                "from_port": 443,
                "ipv6_cidr_blocks": [],
                "prefix_list_ids": [],
                "protocol": "tcp",
                "security_groups": [],
                "self": false,
                "to_port": 443
              },
              {
                "cidr_blocks": [
                  "0.0.0.0/0"
                ],
                "description": "",
                "from_port": 53,
                "ipv6_cidr_blocks": [],
                "prefix_list_ids": [],
                "protocol": "udp",
                "security_groups": [],
                "self": false,
                "to_port": 53
              },
              {
                "cidr_blocks": [
                  "0.0.0.0/0"
                ],
                "description": "",
                "from_port": 80,
                "ipv6_cidr_blocks": [],
                "prefix_list_ids": [],
                "protocol": "tcp",
                "security_groups": [],
                "self": false,
                "to_port": 80
              },
              {
                "cidr_blocks": [
                  "109.252.110.0/24"
                ],
                "description": "",
                "from_port": 22,
                "ipv6_cidr_blocks": [],
                "prefix_list_ids": [],
                "protocol": "tcp",
                "security_groups": [],
                "self": false,
                "to_port": 22
              }
            ],
            "name": "proxy-sg",
            "name_prefix": null,
            "owner_id": "970743847948",
            "revoke_rules_on_delete": false,
            "tags": {},
            "timeouts": null,
            "vpc_id": "vpc-5922dc33"
          },
          "private": "eyJlMmJmYjczMC1lY2FhLTExZTYtOGY4OC0zNDM2M2JjN2M0YzAiOnsiY3JlYXRlIjo2MDAwMDAwMDAwMDAsImRlbGV0ZSI6NjAwMDAwMDAwMDAwfSwic2NoZW1hX3ZlcnNpb24iOiIxIn0="
        }
      ]
    },
    {
      "module": "module.eks",
      "mode": "managed",
      "type": "aws_security_group",
      "name": "worker-node",
      "provider": "provider.aws",
      "instances": [
        {
          "schema_version": 1,
          "attributes": {
            "arn": "arn:aws:ec2:eu-central-1:970743847948:security-group/sg-0a8f42e6fb4cdb9e8",
            "description": "Security group for all nodes in the cluster",
            "egress": [
              {
                "cidr_blocks": [
                  "0.0.0.0/0"
                ],
                "description": "",
                "from_port": 0,
                "ipv6_cidr_blocks": [],
                "prefix_list_ids": [],
                "protocol": "-1",
                "security_groups": [],
                "self": false,
                "to_port": 0
              }
            ],
            "id": "sg-0a8f42e6fb4cdb9e8",
            "ingress": [
              {
                "cidr_blocks": [],
                "description": "Allow node to communicate to each other",
                "from_port": 0,
                "ipv6_cidr_blocks": [],
                "prefix_list_ids": [],
                "protocol": "-1",
                "security_groups": [],
                "self": true,
                "to_port": 0
              },
              {
                "cidr_blocks": [],
                "description": "Allow worker kubelets and pods to receive communication from the cluster control plane",
                "from_port": 1025,
                "ipv6_cidr_blocks": [],
                "prefix_list_ids": [],
                "protocol": "tcp",
                "security_groups": [
                  "sg-09f774f69ad8a9437"
                ],
                "self": false,
                "to_port": 65535
              }
            ],
            "name": "terraform-eks-worker-node",
            "name_prefix": null,
            "owner_id": "970743847948",
            "revoke_rules_on_delete": false,
            "tags": {
              "Name": "terraform-eks-worker-node",
              "kuberenetes.io/cluster/eks-cluster": "owned"
            },
            "timeouts": null,
            "vpc_id": "vpc-5922dc33"
          },
          "private": "eyJlMmJmYjczMC1lY2FhLTExZTYtOGY4OC0zNDM2M2JjN2M0YzAiOnsiY3JlYXRlIjo2MDAwMDAwMDAwMDAsImRlbGV0ZSI6NjAwMDAwMDAwMDAwfSwic2NoZW1hX3ZlcnNpb24iOiIxIn0="
        }
      ]
    },
    {
      "module": "module.eks",
      "mode": "managed",
      "type": "aws_security_group_rule",
      "name": "cluster-ingress-workstation-https",
      "provider": "provider.aws",
      "instances": [
        {
          "schema_version": 2,
          "attributes": {
            "cidr_blocks": [
              "109.252.110.0/24"
            ],
            "description": "Allow my workstation to communicate with the cluster API Server",
            "from_port": 443,
            "id": "sgrule-4254038186",
            "ipv6_cidr_blocks": [],
            "prefix_list_ids": [],
            "protocol": "tcp",
            "security_group_id": "sg-09f774f69ad8a9437",
            "self": false,
            "source_security_group_id": null,
            "to_port": 443,
            "type": "ingress"
          },
          "private": "eyJzY2hlbWFfdmVyc2lvbiI6IjIifQ==",
          "dependencies": [
            "module.eks.aws_security_group.eks-cluster"
          ]
        }
      ]
    },
    {
      "module": "module.eks",
      "mode": "managed",
      "type": "aws_security_group_rule",
      "name": "demo-cluster-ingress",
      "provider": "provider.aws",
      "instances": [
        {
          "schema_version": 2,
          "attributes": {
            "cidr_blocks": [],
            "description": "Allow pods to communicate with the cluster API Server",
            "from_port": 443,
            "id": "sgrule-1597846473",
            "ipv6_cidr_blocks": [],
            "prefix_list_ids": [],
            "protocol": "tcp",
            "security_group_id": "sg-09f774f69ad8a9437",
            "self": false,
            "source_security_group_id": "sg-0a8f42e6fb4cdb9e8",
            "to_port": 443,
            "type": "ingress"
          },
          "private": "eyJzY2hlbWFfdmVyc2lvbiI6IjIifQ==",
          "dependencies": [
            "module.eks.aws_security_group.eks-cluster",
            "module.eks.aws_security_group.worker-node"
          ]
        }
      ]
    },
    {
      "module": "module.eks",
      "mode": "managed",
      "type": "aws_security_group_rule",
      "name": "demo-node-ingress-self",
      "provider": "provider.aws",
      "instances": [
        {
          "schema_version": 2,
          "attributes": {
            "cidr_blocks": [],
            "description": "Allow node to communicate to each other",
            "from_port": 0,
            "id": "sgrule-18557053",
            "ipv6_cidr_blocks": [],
            "prefix_list_ids": [],
            "protocol": "-1",
            "security_group_id": "sg-0a8f42e6fb4cdb9e8",
            "self": false,
            "source_security_group_id": "sg-0a8f42e6fb4cdb9e8",
            "to_port": 0,
            "type": "ingress"
          },
          "private": "eyJzY2hlbWFfdmVyc2lvbiI6IjIifQ==",
          "dependencies": [
            "module.eks.aws_security_group.worker-node"
          ]
        }
      ]
    },
    {
      "module": "module.eks",
      "mode": "managed",
      "type": "aws_security_group_rule",
      "name": "worker-node-ingress-cluster",
      "provider": "provider.aws",
      "instances": [
        {
          "schema_version": 2,
          "attributes": {
            "cidr_blocks": [],
            "description": "Allow worker kubelets and pods to receive communication from the cluster control plane",
            "from_port": 1025,
            "id": "sgrule-3968729380",
            "ipv6_cidr_blocks": [],
            "prefix_list_ids": [],
            "protocol": "tcp",
            "security_group_id": "sg-0a8f42e6fb4cdb9e8",
            "self": false,
            "source_security_group_id": "sg-09f774f69ad8a9437",
            "to_port": 65535,
            "type": "ingress"
          },
          "private": "eyJzY2hlbWFfdmVyc2lvbiI6IjIifQ==",
          "dependencies": [
            "module.eks.aws_security_group.eks-cluster",
            "module.eks.aws_security_group.worker-node"
          ]
        }
      ]
    }
  ]
}
