{
  "version": 4,
  "terraform_version": "0.12.13",
  "serial": 1,
  "lineage": "f4cd924f-08a4-c168-7709-bc84e227afc3",
  "outputs": {},
  "resources": [
    {
      "mode": "managed",
      "type": "aws_instance",
      "name": "master",
      "provider": "provider.aws",
      "instances": [
        {
          "schema_version": 1,
          "attributes": {
            "ami": "ami-040a1551f9c9d11ad",
            "arn": "arn:aws:ec2:eu-central-1:970743847948:instance/i-0ef55d7605c672982",
            "associate_public_ip_address": true,
            "availability_zone": "eu-central-1b",
            "cpu_core_count": 1,
            "cpu_threads_per_core": 1,
            "credit_specification": [
              {
                "cpu_credits": "standard"
              }
            ],
            "disable_api_termination": false,
            "ebs_block_device": [],
            "ebs_optimized": false,
            "ephemeral_block_device": [],
            "get_password_data": false,
            "host_id": null,
            "iam_instance_profile": "",
            "id": "i-0ef55d7605c672982",
            "instance_initiated_shutdown_behavior": null,
            "instance_state": "running",
            "instance_type": "t2.micro",
            "ipv6_address_count": 0,
            "ipv6_addresses": [],
            "key_name": "",
            "monitoring": false,
            "network_interface": [],
            "network_interface_id": null,
            "password_data": "",
            "placement_group": "",
            "primary_network_interface_id": "eni-0607bf503e564740f",
            "private_dns": "ip-172-31-44-183.eu-central-1.compute.internal",
            "private_ip": "172.31.44.183",
            "public_dns": "ec2-3-122-127-118.eu-central-1.compute.amazonaws.com",
            "public_ip": "3.122.127.118",
            "root_block_device": [
              {
                "delete_on_termination": true,
                "encrypted": false,
                "iops": 100,
                "kms_key_id": "",
                "volume_id": "vol-0632a132b3e989904",
                "volume_size": 8,
                "volume_type": "gp2"
              }
            ],
            "security_groups": [
              "default"
            ],
            "source_dest_check": true,
            "subnet_id": "subnet-50100c2d",
            "tags": null,
            "tenancy": "default",
            "timeouts": null,
            "user_data": null,
            "user_data_base64": null,
            "volume_tags": {},
            "vpc_security_group_ids": [
              "sg-1e48517c"
            ]
          },
          "private": "eyJlMmJmYjczMC1lY2FhLTExZTYtOGY4OC0zNDM2M2JjN2M0YzAiOnsiY3JlYXRlIjo2MDAwMDAwMDAwMDAsImRlbGV0ZSI6MTIwMDAwMDAwMDAwMCwidXBkYXRlIjo2MDAwMDAwMDAwMDB9LCJzY2hlbWFfdmVyc2lvbiI6IjEifQ=="
        }
      ]
    }
  ]
}
